github.com/natemoo-re/vert v0.0.0-natemoo-re.7 h1:nhfKslS16o2Uruqt8Bwv8ZFYUuf+PW9iC2M5HI/Bs6U=
github.com/natemoo-re/vert v0.0.0-natemoo-re.7/go.mod h1:67MuD9cDWe6pmhyQrElFlSNMMzL0CMUdFURKxJSvxUM=
github.com/yuin/goldmark v1.2.1/go.mod h1:3hX8gzYuyVAZsxl0MRgGTJEmQBFcNTphYh9decYSb74=
github.com/yuin/goldmark v1.4.1 h1:/vn0k+RBvwlxEmP5E7SZMqNxPhfMVFEJiykr15/0XKM=
github.com/yuin/goldmark v1.4.1/go.mod h1:mwnBkeHKe2W/ZEtQ+71ViKU8L12m81fl3OWwC1Zlc8k=
github.com/yuin/goldmark v1.4.6/go.mod h1:rmuwmfZ0+bvzB24eSC//bk1R1Zp3hM0OXYv/G2LIilg=
github.com/yuin/goldmark v1.4.7 h1:KHHlQL4EKBZ43vpA1KBEQHfodk4JeIgeb0xJLg7rvDI=
github.com/yuin/goldmark v1.4.7/go.mod h1:rmuwmfZ0+bvzB24eSC//bk1R1Zp3hM0OXYv/G2LIilg=
github.com/yuin/goldmark-meta v1.0.0 h1:ScsatUIT2gFS6azqzLGUjgOnELsBOxMXerM3ogdJhAM=
github.com/yuin/goldmark-meta v1.0.0/go.mod h1:zsNNOrZ4nLuyHAJeLQEZcQat8dm70SmB2kHbls092Gc=
github.com/yuin/goldmark-meta v1.1.0 h1:pWw+JLHGZe8Rk0EGsMVssiNb/AaPMHfSRszZeUeiOUc=
github.com/yuin/goldmark-meta v1.1.0/go.mod h1:U4spWENafuA7Zyg+Lj5RqK/MF+ovMYtBvXi1lBb2VP0=
gopkg.in/check.v1 v0.0.0-20161208181325-20d25e280405 h1:yhCVgyC4o1eVCa2tZl7eS0r+SDo693bJlVdllGtEeKM=
gopkg.in/check.v1 v0.0.0-20161208181325-20d25e280405/go.mod h1:Co6ibVJAznAaIkqp8huTwlJQCZ016jof/cbN4VW5Yz0=
gopkg.in/yaml.v2 v2.3.0 h1:clyUAQHOM3G0M3f5vQj7LuJrETvjVot3Z5el9nffUtU=
gopkg.in/yaml.v2 v2.3.0/go.mod h1:hI93XBmqTisBFMUTm0b8Fm+jr3Dg1NNxqwp+5A1VGuI=
