{
  "name": "goldmark",
  "version": "0.1.0",
  "lockfileVersion": 2,
  "requires": true,
  "packages": {
    "": {
      "name": "goldmark",
      "version": "0.1.0",
      "license": "MIT",
      "dependencies": {
        "lz4-napi": "^2.0.3",
        "threads": "^1.7.0"
      }
    },
    "node_modules/@antoniomuso/lz4-napi-android-arm-eabi": {
      "version": "2.0.3",
      "resolved": "https://registry.npmjs.org/@antoniomuso/lz4-napi-android-arm-eabi/-/lz4-napi-android-arm-eabi-2.0.3.tgz",
      "integrity": "sha512-32b4x2hxmQravWjAT1JiNlngSV5NSd1PiJDJfqvW5SBlG7KVBI3S7TnZLeL8nzeIIYQZ5Mc9mc6B9jE23yZuhg==",
      "cpu": [
        "arm"
      ],
      "optional": true,
      "os": [
        "android"
      ],
      "engines": {
        "node": ">= 10"
      }
    },
    "node_modules/@antoniomuso/lz4-napi-android-arm64": {
      "version": "2.0.3",
      "resolved": "https://registry.npmjs.org/@antoniomuso/lz4-napi-android-arm64/-/lz4-napi-android-arm64-2.0.3.tgz",
      "integrity": "sha512-J7W2ZK379k0nmLauQw6OjcB9HSNIgcLzZ7JssWMzIHRBIiZAVGEzlwRkW1owTgPTDEIO7w30irbiV3R8NkC5yA==",
      "cpu": [
        "arm64"
      ],
      "optional": true,
      "os": [
        "android"
      ],
      "engines": {
        "node": ">= 10"
      }
    },
    "node_modules/@antoniomuso/lz4-napi-darwin-arm64": {
      "version": "2.0.3",
      "resolved": "https://registry.npmjs.org/@antoniomuso/lz4-napi-darwin-arm64/-/lz4-napi-darwin-arm64-2.0.3.tgz",
      "integrity": "sha512-+JgU2voYLjB5t/NNyHR5pCTIaKQmGA2SB8BFX4+2HK72GlWUOktFAZnhMqhK/VaOEvNVq93pm2qSKAexWCD3Fg==",
      "cpu": [
        "arm64"
      ],
      "optional": true,
      "os": [
        "darwin"
      ],
      "engines": {
        "node": ">= 10"
      }
    },
    "node_modules/@antoniomuso/lz4-napi-darwin-x64": {
      "version": "2.0.3",
      "resolved": "https://registry.npmjs.org/@antoniomuso/lz4-napi-darwin-x64/-/lz4-napi-darwin-x64-2.0.3.tgz",
      "integrity": "sha512-q3ywHxW0T/EVtN6xR49f27zl3YKSOCd0I7uN4QWqscc2LwHPrLoD3MycWNQ62uwX/mQyEQPOv4wFWCt3KmZlFw==",
      "cpu": [
        "x64"
      ],
      "optional": true,
      "os": [
        "darwin"
      ],
      "engines": {
        "node": ">= 10"
      }
    },
    "node_modules/@antoniomuso/lz4-napi-freebsd-x64": {
      "version": "2.0.3",
      "resolved": "https://registry.npmjs.org/@antoniomuso/lz4-napi-freebsd-x64/-/lz4-napi-freebsd-x64-2.0.3.tgz",
      "integrity": "sha512-jcfTRjt3xq6E660KZiaD/t4mYdFTJ7ovSMVYDF6dk9NiD91FWbHfQF3pywYHy3yCfSZdLsNrtpZB2zi38EE+zQ==",
      "cpu": [
        "x64"
      ],
      "optional": true,
      "os": [
        "freebsd"
      ],
      "engines": {
        "node": ">= 10"
      }
    },
    "node_modules/@antoniomuso/lz4-napi-linux-arm-gnueabihf": {
      "version": "2.0.3",
      "resolved": "https://registry.npmjs.org/@antoniomuso/lz4-napi-linux-arm-gnueabihf/-/lz4-napi-linux-arm-gnueabihf-2.0.3.tgz",
      "integrity": "sha512-aDxwtWFAZsQsyyzE1m6j1W37/xEsg/K07C3eHrsk4A5B2XXBH93/1R5ROEfA09ysrIBjlA84SBLw8D0OJjrL+A==",
      "cpu": [
        "arm"
      ],
      "optional": true,
      "os": [
        "linux"
      ],
      "engines": {
        "node": ">= 10"
      }
    },
    "node_modules/@antoniomuso/lz4-napi-linux-arm64-gnu": {
      "version": "2.0.3",
      "resolved": "https://registry.npmjs.org/@antoniomuso/lz4-napi-linux-arm64-gnu/-/lz4-napi-linux-arm64-gnu-2.0.3.tgz",
      "integrity": "sha512-JDhQx3zzAy1UsfSy7ICWpmPnT+TRcl1/Ucd5hS4vBxAO7a52halQg2opXpRSWyxw0jxZpcddVWVeRRoQYwFa6w==",
      "cpu": [
        "arm64"
      ],
      "optional": true,
      "os": [
        "linux"
      ],
      "engines": {
        "node": ">= 10"
      }
    },
    "node_modules/@antoniomuso/lz4-napi-linux-arm64-musl": {
      "version": "2.0.3",
      "resolved": "https://registry.npmjs.org/@antoniomuso/lz4-napi-linux-arm64-musl/-/lz4-napi-linux-arm64-musl-2.0.3.tgz",
      "integrity": "sha512-TKE193iUBRPN+T0KL9BRJSMYJwZd9Qh8VAzxdlu/Uc3qgLVPmIJP4GDH95j4NedfFPYeYMcYdo1733j+r5blbQ==",
      "cpu": [
        "arm64"
      ],
      "optional": true,
      "os": [
        "linux"
      ],
      "engines": {
        "node": ">= 10"
      }
    },
    "node_modules/@antoniomuso/lz4-napi-linux-x64-gnu": {
      "version": "2.0.3",
      "resolved": "https://registry.npmjs.org/@antoniomuso/lz4-napi-linux-x64-gnu/-/lz4-napi-linux-x64-gnu-2.0.3.tgz",
      "integrity": "sha512-3aVlzI0ozFwnBdOA1kqyrbkSW7t2VeY2Ll8paMZNHUJkWksQalZdvkAmM2rnS4rpDvwpdCE2CmThlHCog1sH+Q==",
      "cpu": [
        "x64"
      ],
      "optional": true,
      "os": [
        "linux"
      ],
      "engines": {
        "node": ">= 10"
      }
    },
    "node_modules/@antoniomuso/lz4-napi-linux-x64-musl": {
      "version": "2.0.3",
      "resolved": "https://registry.npmjs.org/@antoniomuso/lz4-napi-linux-x64-musl/-/lz4-napi-linux-x64-musl-2.0.3.tgz",
      "integrity": "sha512-irj56FJtXTCMSrLGOBJKtcr0nwwHWDVJdP6JZAhBUtS0b0a5Sq53tUC76nRweQ/6rhK38ZHlCRHNXpnAd7diCg==",
      "cpu": [
        "x64"
      ],
      "optional": true,
      "os": [
        "linux"
      ],
      "engines": {
        "node": ">= 10"
      }
    },
    "node_modules/@antoniomuso/lz4-napi-win32-arm64-msvc": {
      "version": "2.0.3",
      "resolved": "https://registry.npmjs.org/@antoniomuso/lz4-napi-win32-arm64-msvc/-/lz4-napi-win32-arm64-msvc-2.0.3.tgz",
      "integrity": "sha512-hc5Y6ijNpWAGi7MUVGJfcruDHLcytwR3KZmNQJQCNeK/2hPoHEkrv85dK/y+8ZT2Ie3lq8zDCBefW51hTV0uaw==",
      "cpu": [
        "arm64"
      ],
      "optional": true,
      "os": [
        "win32"
      ],
      "engines": {
        "node": ">= 10"
      }
    },
    "node_modules/@antoniomuso/lz4-napi-win32-ia32-msvc": {
      "version": "2.0.3",
      "resolved": "https://registry.npmjs.org/@antoniomuso/lz4-napi-win32-ia32-msvc/-/lz4-napi-win32-ia32-msvc-2.0.3.tgz",
      "integrity": "sha512-kPCVWw0XcejJasazPl1lVQ6fvM07IqTGn8snVLKXK0iobIdZVknaE5FsOYC5Kii6emb1hUmhOWfmrzKh/SiwZg==",
      "cpu": [
        "ia32"
      ],
      "optional": true,
      "os": [
        "win32"
      ],
      "engines": {
        "node": ">= 10"
      }
    },
    "node_modules/@antoniomuso/lz4-napi-win32-x64-msvc": {
      "version": "2.0.3",
      "resolved": "https://registry.npmjs.org/@antoniomuso/lz4-napi-win32-x64-msvc/-/lz4-napi-win32-x64-msvc-2.0.3.tgz",
      "integrity": "sha512-W9crcy5NvWqlZL76Ev2ZqA1iCr/SmaDGk3oxruS+Ob0jrRwgT6yAw/l58n40Bugk80aRWM/AgUL0tJwNCEsYXA==",
      "cpu": [
        "x64"
      ],
      "optional": true,
      "os": [
        "win32"
      ],
      "engines": {
        "node": ">= 10"
      }
    },
    "node_modules/@napi-rs/triples": {
      "version": "1.1.0",
      "resolved": "https://registry.npmjs.org/@napi-rs/triples/-/triples-1.1.0.tgz",
      "integrity": "sha512-XQr74QaLeMiqhStEhLn1im9EOMnkypp7MZOwQhGzqp2Weu5eQJbpPxWxixxlYRKWPOmJjsk6qYfYH9kq43yc2w=="
    },
    "node_modules/@node-rs/helper": {
      "version": "1.3.3",
      "resolved": "https://registry.npmjs.org/@node-rs/helper/-/helper-1.3.3.tgz",
      "integrity": "sha512-p4OdfQObGN9YFy5WZaGwlPYICQSe7xZYyXB0sxREmvj1HzGKp5bPg2PlfgfMZEfnjIA882B9ZrnagYzZihIwjA==",
      "dependencies": {
        "@napi-rs/triples": "^1.1.0"
      }
    },
    "node_modules/callsites": {
      "version": "3.1.0",
      "resolved": "https://registry.npmjs.org/callsites/-/callsites-3.1.0.tgz",
      "integrity": "sha512-P8BjAsXvZS+VIDUI11hHCQEv74YT67YUi5JJFNWIqL235sBmjX4+qx9Muvls5ivyNENctx46xQLQ3aTuE7ssaQ==",
      "engines": {
        "node": ">=6"
      }
    },
    "node_modules/debug": {
      "version": "4.3.3",
      "resolved": "https://registry.npmjs.org/debug/-/debug-4.3.3.tgz",
      "integrity": "sha512-/zxw5+vh1Tfv+4Qn7a5nsbcJKPaSvCDhojn6FEl9vupwK2VCSDtEiEtqr8DFtzYFOdz63LBkxec7DYuc2jon6Q==",
      "dependencies": {
        "ms": "2.1.2"
      },
      "engines": {
        "node": ">=6.0"
      },
      "peerDependenciesMeta": {
        "supports-color": {
          "optional": true
        }
      }
    },
    "node_modules/esm": {
      "version": "3.2.25",
      "resolved": "https://registry.npmjs.org/esm/-/esm-3.2.25.tgz",
      "integrity": "sha512-U1suiZ2oDVWv4zPO56S0NcR5QriEahGtdN2OR6FiOG4WJvcjBVFB0qI4+eKoWFH483PKGuLuu6V8Z4T5g63UVA==",
      "optional": true,
      "engines": {
        "node": ">=6"
      }
    },
    "node_modules/is-observable": {
      "version": "2.1.0",
      "resolved": "https://registry.npmjs.org/is-observable/-/is-observable-2.1.0.tgz",
      "integrity": "sha512-DailKdLb0WU+xX8K5w7VsJhapwHLZ9jjmazqCJq4X12CTgqq73TKnbRcnSLuXYPOoLQgV5IrD7ePiX/h1vnkBw==",
      "engines": {
        "node": ">=8"
      },
      "funding": {
        "url": "https://github.com/sponsors/sindresorhus"
      }
    },
    "node_modules/lz4-napi": {
      "version": "2.0.3",
      "resolved": "https://registry.npmjs.org/lz4-napi/-/lz4-napi-2.0.3.tgz",
      "integrity": "sha512-QfO7znXPq/T4gdu6eEwtQTtxA0Q1LqHr/yy/j4loY/7TQ6vYTvB5eUmydmkNCj6aIwJckF4Er4xgL2+HRpWXAQ==",
      "dependencies": {
        "@antoniomuso/lz4-napi-android-arm-eabi": "2.0.3",
        "@antoniomuso/lz4-napi-android-arm64": "2.0.3",
        "@antoniomuso/lz4-napi-darwin-arm64": "2.0.3",
        "@antoniomuso/lz4-napi-darwin-x64": "2.0.3",
        "@antoniomuso/lz4-napi-freebsd-x64": "2.0.3",
        "@antoniomuso/lz4-napi-linux-arm-gnueabihf": "2.0.3",
        "@antoniomuso/lz4-napi-linux-arm64-gnu": "2.0.3",
        "@antoniomuso/lz4-napi-linux-arm64-musl": "2.0.3",
        "@antoniomuso/lz4-napi-linux-x64-gnu": "2.0.3",
        "@antoniomuso/lz4-napi-linux-x64-musl": "2.0.3",
        "@antoniomuso/lz4-napi-win32-arm64-msvc": "2.0.3",
        "@antoniomuso/lz4-napi-win32-ia32-msvc": "2.0.3",
        "@antoniomuso/lz4-napi-win32-x64-msvc": "2.0.3",
        "@node-rs/helper": "^1.3.3"
      },
      "engines": {
        "node": ">= 10"
      },
      "optionalDependencies": {
        "@antoniomuso/lz4-napi-android-arm-eabi": "2.0.3",
        "@antoniomuso/lz4-napi-android-arm64": "2.0.3",
        "@antoniomuso/lz4-napi-darwin-arm64": "2.0.3",
        "@antoniomuso/lz4-napi-darwin-x64": "2.0.3",
        "@antoniomuso/lz4-napi-freebsd-x64": "2.0.3",
        "@antoniomuso/lz4-napi-linux-arm-gnueabihf": "2.0.3",
        "@antoniomuso/lz4-napi-linux-arm64-gnu": "2.0.3",
        "@antoniomuso/lz4-napi-linux-arm64-musl": "2.0.3",
        "@antoniomuso/lz4-napi-linux-x64-gnu": "2.0.3",
        "@antoniomuso/lz4-napi-linux-x64-musl": "2.0.3",
        "@antoniomuso/lz4-napi-win32-arm64-msvc": "2.0.3",
        "@antoniomuso/lz4-napi-win32-ia32-msvc": "2.0.3",
        "@antoniomuso/lz4-napi-win32-x64-msvc": "2.0.3"
      }
    },
    "node_modules/ms": {
      "version": "2.1.2",
      "resolved": "https://registry.npmjs.org/ms/-/ms-2.1.2.tgz",
      "integrity": "sha512-sGkPx+VjMtmA6MX27oA4FBFELFCZZ4S4XqeGOXCv68tT+jb3vk/RyaKWP0PTKyWtmLSM0b+adUTEvbs1PEaH2w=="
    },
    "node_modules/observable-fns": {
      "version": "0.6.1",
      "resolved": "https://registry.npmjs.org/observable-fns/-/observable-fns-0.6.1.tgz",
      "integrity": "sha512-9gRK4+sRWzeN6AOewNBTLXir7Zl/i3GB6Yl26gK4flxz8BXVpD3kt8amREmWNb0mxYOGDotvE5a4N+PtGGKdkg=="
    },
    "node_modules/threads": {
      "version": "1.7.0",
      "resolved": "https://registry.npmjs.org/threads/-/threads-1.7.0.tgz",
      "integrity": "sha512-Mx5NBSHX3sQYR6iI9VYbgHKBLisyB+xROCBGjjWm1O9wb9vfLxdaGtmT/KCjUqMsSNW6nERzCW3T6H43LqjDZQ==",
      "dependencies": {
        "callsites": "^3.1.0",
        "debug": "^4.2.0",
        "is-observable": "^2.1.0",
        "observable-fns": "^0.6.1",
        "tiny-worker": ">= 2"
      },
      "funding": {
        "url": "https://github.com/andywer/threads.js?sponsor=1"
      },
      "optionalDependencies": {
        "tiny-worker": ">= 2"
      }
    },
    "node_modules/tiny-worker": {
      "version": "2.3.0",
      "resolved": "https://registry.npmjs.org/tiny-worker/-/tiny-worker-2.3.0.tgz",
      "integrity": "sha512-pJ70wq5EAqTAEl9IkGzA+fN0836rycEuz2Cn6yeZ6FRzlVS5IDOkFHpIoEsksPRQV34GDqXm65+OlnZqUSyK2g==",
      "optional": true,
      "dependencies": {
        "esm": "^3.2.25"
      }
    }
  },
  "dependencies": {
    "@antoniomuso/lz4-napi-android-arm-eabi": {
      "version": "2.0.3",
      "resolved": "https://registry.npmjs.org/@antoniomuso/lz4-napi-android-arm-eabi/-/lz4-napi-android-arm-eabi-2.0.3.tgz",
      "integrity": "sha512-32b4x2hxmQravWjAT1JiNlngSV5NSd1PiJDJfqvW5SBlG7KVBI3S7TnZLeL8nzeIIYQZ5Mc9mc6B9jE23yZuhg==",
      "optional": true
    },
    "@antoniomuso/lz4-napi-android-arm64": {
      "version": "2.0.3",
      "resolved": "https://registry.npmjs.org/@antoniomuso/lz4-napi-android-arm64/-/lz4-napi-android-arm64-2.0.3.tgz",
      "integrity": "sha512-J7W2ZK379k0nmLauQw6OjcB9HSNIgcLzZ7JssWMzIHRBIiZAVGEzlwRkW1owTgPTDEIO7w30irbiV3R8NkC5yA==",
      "optional": true
    },
    "@antoniomuso/lz4-napi-darwin-arm64": {
      "version": "2.0.3",
      "resolved": "https://registry.npmjs.org/@antoniomuso/lz4-napi-darwin-arm64/-/lz4-napi-darwin-arm64-2.0.3.tgz",
      "integrity": "sha512-+JgU2voYLjB5t/NNyHR5pCTIaKQmGA2SB8BFX4+2HK72GlWUOktFAZnhMqhK/VaOEvNVq93pm2qSKAexWCD3Fg==",
      "optional": true
    },
    "@antoniomuso/lz4-napi-darwin-x64": {
      "version": "2.0.3",
      "resolved": "https://registry.npmjs.org/@antoniomuso/lz4-napi-darwin-x64/-/lz4-napi-darwin-x64-2.0.3.tgz",
      "integrity": "sha512-q3ywHxW0T/EVtN6xR49f27zl3YKSOCd0I7uN4QWqscc2LwHPrLoD3MycWNQ62uwX/mQyEQPOv4wFWCt3KmZlFw==",
      "optional": true
    },
    "@antoniomuso/lz4-napi-freebsd-x64": {
      "version": "2.0.3",
      "resolved": "https://registry.npmjs.org/@antoniomuso/lz4-napi-freebsd-x64/-/lz4-napi-freebsd-x64-2.0.3.tgz",
      "integrity": "sha512-jcfTRjt3xq6E660KZiaD/t4mYdFTJ7ovSMVYDF6dk9NiD91FWbHfQF3pywYHy3yCfSZdLsNrtpZB2zi38EE+zQ==",
      "optional": true
    },
    "@antoniomuso/lz4-napi-linux-arm-gnueabihf": {
      "version": "2.0.3",
      "resolved": "https://registry.npmjs.org/@antoniomuso/lz4-napi-linux-arm-gnueabihf/-/lz4-napi-linux-arm-gnueabihf-2.0.3.tgz",
      "integrity": "sha512-aDxwtWFAZsQsyyzE1m6j1W37/xEsg/K07C3eHrsk4A5B2XXBH93/1R5ROEfA09ysrIBjlA84SBLw8D0OJjrL+A==",
      "optional": true
    },
    "@antoniomuso/lz4-napi-linux-arm64-gnu": {
      "version": "2.0.3",
      "resolved": "https://registry.npmjs.org/@antoniomuso/lz4-napi-linux-arm64-gnu/-/lz4-napi-linux-arm64-gnu-2.0.3.tgz",
      "integrity": "sha512-JDhQx3zzAy1UsfSy7ICWpmPnT+TRcl1/Ucd5hS4vBxAO7a52halQg2opXpRSWyxw0jxZpcddVWVeRRoQYwFa6w==",
      "optional": true
    },
    "@antoniomuso/lz4-napi-linux-arm64-musl": {
      "version": "2.0.3",
      "resolved": "https://registry.npmjs.org/@antoniomuso/lz4-napi-linux-arm64-musl/-/lz4-napi-linux-arm64-musl-2.0.3.tgz",
      "integrity": "sha512-TKE193iUBRPN+T0KL9BRJSMYJwZd9Qh8VAzxdlu/Uc3qgLVPmIJP4GDH95j4NedfFPYeYMcYdo1733j+r5blbQ==",
      "optional": true
    },
    "@antoniomuso/lz4-napi-linux-x64-gnu": {
      "version": "2.0.3",
      "resolved": "https://registry.npmjs.org/@antoniomuso/lz4-napi-linux-x64-gnu/-/lz4-napi-linux-x64-gnu-2.0.3.tgz",
      "integrity": "sha512-3aVlzI0ozFwnBdOA1kqyrbkSW7t2VeY2Ll8paMZNHUJkWksQalZdvkAmM2rnS4rpDvwpdCE2CmThlHCog1sH+Q==",
      "optional": true
    },
    "@antoniomuso/lz4-napi-linux-x64-musl": {
      "version": "2.0.3",
      "resolved": "https://registry.npmjs.org/@antoniomuso/lz4-napi-linux-x64-musl/-/lz4-napi-linux-x64-musl-2.0.3.tgz",
      "integrity": "sha512-irj56FJtXTCMSrLGOBJKtcr0nwwHWDVJdP6JZAhBUtS0b0a5Sq53tUC76nRweQ/6rhK38ZHlCRHNXpnAd7diCg==",
      "optional": true
    },
    "@antoniomuso/lz4-napi-win32-arm64-msvc": {
      "version": "2.0.3",
      "resolved": "https://registry.npmjs.org/@antoniomuso/lz4-napi-win32-arm64-msvc/-/lz4-napi-win32-arm64-msvc-2.0.3.tgz",
      "integrity": "sha512-hc5Y6ijNpWAGi7MUVGJfcruDHLcytwR3KZmNQJQCNeK/2hPoHEkrv85dK/y+8ZT2Ie3lq8zDCBefW51hTV0uaw==",
      "optional": true
    },
    "@antoniomuso/lz4-napi-win32-ia32-msvc": {
      "version": "2.0.3",
      "resolved": "https://registry.npmjs.org/@antoniomuso/lz4-napi-win32-ia32-msvc/-/lz4-napi-win32-ia32-msvc-2.0.3.tgz",
      "integrity": "sha512-kPCVWw0XcejJasazPl1lVQ6fvM07IqTGn8snVLKXK0iobIdZVknaE5FsOYC5Kii6emb1hUmhOWfmrzKh/SiwZg==",
      "optional": true
    },
    "@antoniomuso/lz4-napi-win32-x64-msvc": {
      "version": "2.0.3",
      "resolved": "https://registry.npmjs.org/@antoniomuso/lz4-napi-win32-x64-msvc/-/lz4-napi-win32-x64-msvc-2.0.3.tgz",
      "integrity": "sha512-W9crcy5NvWqlZL76Ev2ZqA1iCr/SmaDGk3oxruS+Ob0jrRwgT6yAw/l58n40Bugk80aRWM/AgUL0tJwNCEsYXA==",
      "optional": true
    },
    "@napi-rs/triples": {
      "version": "1.1.0",
      "resolved": "https://registry.npmjs.org/@napi-rs/triples/-/triples-1.1.0.tgz",
      "integrity": "sha512-XQr74QaLeMiqhStEhLn1im9EOMnkypp7MZOwQhGzqp2Weu5eQJbpPxWxixxlYRKWPOmJjsk6qYfYH9kq43yc2w=="
    },
    "@node-rs/helper": {
      "version": "1.3.3",
      "resolved": "https://registry.npmjs.org/@node-rs/helper/-/helper-1.3.3.tgz",
      "integrity": "sha512-p4OdfQObGN9YFy5WZaGwlPYICQSe7xZYyXB0sxREmvj1HzGKp5bPg2PlfgfMZEfnjIA882B9ZrnagYzZihIwjA==",
      "requires": {
        "@napi-rs/triples": "^1.1.0"
      }
    },
    "callsites": {
      "version": "3.1.0",
      "resolved": "https://registry.npmjs.org/callsites/-/callsites-3.1.0.tgz",
      "integrity": "sha512-P8BjAsXvZS+VIDUI11hHCQEv74YT67YUi5JJFNWIqL235sBmjX4+qx9Muvls5ivyNENctx46xQLQ3aTuE7ssaQ=="
    },
    "debug": {
      "version": "4.3.3",
      "resolved": "https://registry.npmjs.org/debug/-/debug-4.3.3.tgz",
      "integrity": "sha512-/zxw5+vh1Tfv+4Qn7a5nsbcJKPaSvCDhojn6FEl9vupwK2VCSDtEiEtqr8DFtzYFOdz63LBkxec7DYuc2jon6Q==",
      "requires": {
        "ms": "2.1.2"
      }
    },
    "esm": {
      "version": "3.2.25",
      "resolved": "https://registry.npmjs.org/esm/-/esm-3.2.25.tgz",
      "integrity": "sha512-U1suiZ2oDVWv4zPO56S0NcR5QriEahGtdN2OR6FiOG4WJvcjBVFB0qI4+eKoWFH483PKGuLuu6V8Z4T5g63UVA==",
      "optional": true
    },
    "is-observable": {
      "version": "2.1.0",
      "resolved": "https://registry.npmjs.org/is-observable/-/is-observable-2.1.0.tgz",
      "integrity": "sha512-DailKdLb0WU+xX8K5w7VsJhapwHLZ9jjmazqCJq4X12CTgqq73TKnbRcnSLuXYPOoLQgV5IrD7ePiX/h1vnkBw=="
    },
    "lz4-napi": {
      "version": "2.0.3",
      "resolved": "https://registry.npmjs.org/lz4-napi/-/lz4-napi-2.0.3.tgz",
      "integrity": "sha512-QfO7znXPq/T4gdu6eEwtQTtxA0Q1LqHr/yy/j4loY/7TQ6vYTvB5eUmydmkNCj6aIwJckF4Er4xgL2+HRpWXAQ==",
      "requires": {
        "@antoniomuso/lz4-napi-android-arm-eabi": "2.0.3",
        "@antoniomuso/lz4-napi-android-arm64": "2.0.3",
        "@antoniomuso/lz4-napi-darwin-arm64": "2.0.3",
        "@antoniomuso/lz4-napi-darwin-x64": "2.0.3",
        "@antoniomuso/lz4-napi-freebsd-x64": "2.0.3",
        "@antoniomuso/lz4-napi-linux-arm-gnueabihf": "2.0.3",
        "@antoniomuso/lz4-napi-linux-arm64-gnu": "2.0.3",
        "@antoniomuso/lz4-napi-linux-arm64-musl": "2.0.3",
        "@antoniomuso/lz4-napi-linux-x64-gnu": "2.0.3",
        "@antoniomuso/lz4-napi-linux-x64-musl": "2.0.3",
        "@antoniomuso/lz4-napi-win32-arm64-msvc": "2.0.3",
        "@antoniomuso/lz4-napi-win32-ia32-msvc": "2.0.3",
        "@antoniomuso/lz4-napi-win32-x64-msvc": "2.0.3",
        "@node-rs/helper": "^1.3.3"
      }
    },
    "ms": {
      "version": "2.1.2",
      "resolved": "https://registry.npmjs.org/ms/-/ms-2.1.2.tgz",
      "integrity": "sha512-sGkPx+VjMtmA6MX27oA4FBFELFCZZ4S4XqeGOXCv68tT+jb3vk/RyaKWP0PTKyWtmLSM0b+adUTEvbs1PEaH2w=="
    },
    "observable-fns": {
      "version": "0.6.1",
      "resolved": "https://registry.npmjs.org/observable-fns/-/observable-fns-0.6.1.tgz",
      "integrity": "sha512-9gRK4+sRWzeN6AOewNBTLXir7Zl/i3GB6Yl26gK4flxz8BXVpD3kt8amREmWNb0mxYOGDotvE5a4N+PtGGKdkg=="
    },
    "threads": {
      "version": "1.7.0",
      "resolved": "https://registry.npmjs.org/threads/-/threads-1.7.0.tgz",
      "integrity": "sha512-Mx5NBSHX3sQYR6iI9VYbgHKBLisyB+xROCBGjjWm1O9wb9vfLxdaGtmT/KCjUqMsSNW6nERzCW3T6H43LqjDZQ==",
      "requires": {
        "callsites": "^3.1.0",
        "debug": "^4.2.0",
        "is-observable": "^2.1.0",
        "observable-fns": "^0.6.1",
        "tiny-worker": ">= 2"
      }
    },
    "tiny-worker": {
      "version": "2.3.0",
      "resolved": "https://registry.npmjs.org/tiny-worker/-/tiny-worker-2.3.0.tgz",
      "integrity": "sha512-pJ70wq5EAqTAEl9IkGzA+fN0836rycEuz2Cn6yeZ6FRzlVS5IDOkFHpIoEsksPRQV34GDqXm65+OlnZqUSyK2g==",
      "optional": true,
      "requires": {
        "esm": "^3.2.25"
      }
    }
  }
}
